
Microsoft Visual Studio Solution File, Format Version 12.00
# Visual Studio Version 16
VisualStudioVersion = 25.0.1704.5
MinimumVisualStudioVersion = 10.0.40219.1
Project("{FAE04EC0-301F-11D3-BF4B-00C04F79EFBC}") = "dependency-injection", "dependency-injection\dependency-injection.csproj", "{21F69EB6-3A37-4505-BE73-089577A28D39}"
EndProject
Global
	GlobalSection(SolutionConfigurationPlatforms) = preSolution
		Debug|Any CPU = Debug|Any CPU
		Release|Any CPU = Release|Any CPU
	EndGlobalSection
	GlobalSection(ProjectConfigurationPlatforms) = postSolution
		{21F69EB6-3A37-4505-BE73-089577A28D39}.Debug|Any CPU.ActiveCfg = Debug|Any CPU
		{21F69EB6-3A37-4505-BE73-089577A28D39}.Debug|Any CPU.Build.0 = Debug|Any CPU
		{21F69EB6-3A37-4505-BE73-089577A28D39}.Release|Any CPU.ActiveCfg = Release|Any CPU
		{21F69EB6-3A37-4505-BE73-089577A28D39}.Release|Any CPU.Build.0 = Release|Any CPU
	EndGlobalSection
	GlobalSection(SolutionProperties) = preSolution
		HideSolutionNode = FALSE
	EndGlobalSection
	GlobalSection(ExtensibilityGlobals) = postSolution
		SolutionGuid = {8E5A3A4D-01CE-4312-90F6-02FF93A527E0}
	EndGlobalSection
EndGlobal
